
Microsoft Visual Studio Solution File, Format Version 12.00
# Visual Studio 15
VisualStudioVersion = 15.0.28307.168
MinimumVisualStudioVersion = 10.0.40219.1
Project("{FAE04EC0-301F-11D3-BF4B-00C04F79EFBC}") = "UMTInternship", "UMTInternship\UMTInternship.csproj", "{1ED12119-A735-48F1-9DFB-E10E647028D7}"
EndProject
Project("{9A19103F-16F7-4668-BE54-9A1E7A4F7556}") = "Tests", "Tests\Tests.csproj", "{A61D7791-482A-428A-AD70-BD085CC6E38C}"
EndProject
Project("{2150E333-8FDC-42A3-9474-1A3956D46DE8}") = "project", "project", "{ABCE5C08-C72C-470A-AC63-0F97E103ED1A}"
EndProject
Global
	GlobalSection(SolutionConfigurationPlatforms) = preSolution
		Debug|Any CPU = Debug|Any CPU
		Release|Any CPU = Release|Any CPU
	EndGlobalSection
	GlobalSection(ProjectConfigurationPlatforms) = postSolution
		{1ED12119-A735-48F1-9DFB-E10E647028D7}.Debug|Any CPU.ActiveCfg = Debug|Any CPU
		{1ED12119-A735-48F1-9DFB-E10E647028D7}.Debug|Any CPU.Build.0 = Debug|Any CPU
		{1ED12119-A735-48F1-9DFB-E10E647028D7}.Release|Any CPU.ActiveCfg = Release|Any CPU
		{1ED12119-A735-48F1-9DFB-E10E647028D7}.Release|Any CPU.Build.0 = Release|Any CPU
		{A61D7791-482A-428A-AD70-BD085CC6E38C}.Debug|Any CPU.ActiveCfg = Debug|Any CPU
		{A61D7791-482A-428A-AD70-BD085CC6E38C}.Debug|Any CPU.Build.0 = Debug|Any CPU
		{A61D7791-482A-428A-AD70-BD085CC6E38C}.Release|Any CPU.ActiveCfg = Release|Any CPU
		{A61D7791-482A-428A-AD70-BD085CC6E38C}.Release|Any CPU.Build.0 = Release|Any CPU
	EndGlobalSection
	GlobalSection(SolutionProperties) = preSolution
		HideSolutionNode = FALSE
	EndGlobalSection
	GlobalSection(NestedProjects) = preSolution
		{1ED12119-A735-48F1-9DFB-E10E647028D7} = {ABCE5C08-C72C-470A-AC63-0F97E103ED1A}
		{A61D7791-482A-428A-AD70-BD085CC6E38C} = {ABCE5C08-C72C-470A-AC63-0F97E103ED1A}
	EndGlobalSection
	GlobalSection(ExtensibilityGlobals) = postSolution
		SolutionGuid = {6C7C7F48-716C-42F9-8B03-6C4E98655927}
	EndGlobalSection
EndGlobal
